
Microsoft Visual Studio Solution File, Format Version 12.00
# Visual Studio Version 17
VisualStudioVersion = 17.5.002.0
MinimumVisualStudioVersion = 10.0.40219.1
Project("{9A19103F-16F7-4668-BE54-9A1E7A4F7556}") = "prob", "csharp\prob.csproj", "{4E1FF3A4-41BC-40EB-98DD-7F27138A2B97}"
EndProject
Global
	GlobalSection(SolutionConfigurationPlatforms) = preSolution
		Debug|Any CPU = Debug|Any CPU
		Release|Any CPU = Release|Any CPU
	EndGlobalSection
	GlobalSection(ProjectConfigurationPlatforms) = postSolution
		{4E1FF3A4-41BC-40EB-98DD-7F27138A2B97}.Debug|Any CPU.ActiveCfg = Debug|Any CPU
		{4E1FF3A4-41BC-40EB-98DD-7F27138A2B97}.Debug|Any CPU.Build.0 = Debug|Any CPU
		{4E1FF3A4-41BC-40EB-98DD-7F27138A2B97}.Release|Any CPU.ActiveCfg = Release|Any CPU
		{4E1FF3A4-41BC-40EB-98DD-7F27138A2B97}.Release|Any CPU.Build.0 = Release|Any CPU
	EndGlobalSection
	GlobalSection(SolutionProperties) = preSolution
		HideSolutionNode = FALSE
	EndGlobalSection
	GlobalSection(ExtensibilityGlobals) = postSolution
		SolutionGuid = {CF9ED3A5-183F-402B-AC22-15F4E3F95DE2}
	EndGlobalSection
EndGlobal
